
Microsoft Visual Studio Solution File, Format Version 12.00
# Visual Studio 15
VisualStudioVersion = 15.0.28307.136
MinimumVisualStudioVersion = 10.0.40219.1
Project("{FAE04EC0-301F-11D3-BF4B-00C04F79EFBC}") = "P01_Database", "P01_Database\P01_Database.csproj", "{F1E5E82E-5801-416C-84BF-B22A7B8BDF95}"
EndProject
Project("{FAE04EC0-301F-11D3-BF4B-00C04F79EFBC}") = "Database.Test", "Database.Test\Database.Test.csproj", "{3A522C7D-FC75-4B39-A00B-B7B40D0BC664}"
EndProject
Global
	GlobalSection(SolutionConfigurationPlatforms) = preSolution
		Debug|Any CPU = Debug|Any CPU
		Release|Any CPU = Release|Any CPU
	EndGlobalSection
	GlobalSection(ProjectConfigurationPlatforms) = postSolution
		{F1E5E82E-5801-416C-84BF-B22A7B8BDF95}.Debug|Any CPU.ActiveCfg = Debug|Any CPU
		{F1E5E82E-5801-416C-84BF-B22A7B8BDF95}.Debug|Any CPU.Build.0 = Debug|Any CPU
		{F1E5E82E-5801-416C-84BF-B22A7B8BDF95}.Release|Any CPU.ActiveCfg = Release|Any CPU
		{F1E5E82E-5801-416C-84BF-B22A7B8BDF95}.Release|Any CPU.Build.0 = Release|Any CPU
		{3A522C7D-FC75-4B39-A00B-B7B40D0BC664}.Debug|Any CPU.ActiveCfg = Debug|Any CPU
		{3A522C7D-FC75-4B39-A00B-B7B40D0BC664}.Debug|Any CPU.Build.0 = Debug|Any CPU
		{3A522C7D-FC75-4B39-A00B-B7B40D0BC664}.Release|Any CPU.ActiveCfg = Release|Any CPU
		{3A522C7D-FC75-4B39-A00B-B7B40D0BC664}.Release|Any CPU.Build.0 = Release|Any CPU
	EndGlobalSection
	GlobalSection(SolutionProperties) = preSolution
		HideSolutionNode = FALSE
	EndGlobalSection
	GlobalSection(ExtensibilityGlobals) = postSolution
		SolutionGuid = {29C027D3-0865-42B3-A556-6FCCAFEBB4C0}
	EndGlobalSection
EndGlobal
