
Microsoft Visual Studio Solution File, Format Version 12.00
# Visual Studio 15
VisualStudioVersion = 15.0.28010.2048
MinimumVisualStudioVersion = 10.0.40219.1
Project("{9A19103F-16F7-4668-BE54-9A1E7A4F7556}") = "ListyIterator", "ListyIterator\ListyIterator.csproj", "{648DA9D0-23F7-49F2-83C8-D2F86BFCC0E4}"
EndProject
Project("{FAE04EC0-301F-11D3-BF4B-00C04F79EFBC}") = "CustomStack", "CustomStack\CustomStack.csproj", "{679EFCC0-63A6-4547-A2C1-9BEBE836269A}"
EndProject
Project("{FAE04EC0-301F-11D3-BF4B-00C04F79EFBC}") = "Froggy", "Froggy\Froggy.csproj", "{B11EA918-B959-4FE9-8F62-7AEEB87A41FE}"
EndProject
Project("{FAE04EC0-301F-11D3-BF4B-00C04F79EFBC}") = "ComparingObjects", "ComparingObjects\ComparingObjects.csproj", "{80B68D0E-7FC5-4FF0-B84A-454590C418D0}"
EndProject
Project("{FAE04EC0-301F-11D3-BF4B-00C04F79EFBC}") = "StrategyPattern", "StrategyPattern\StrategyPattern.csproj", "{38BF6E0F-98CD-48A9-9882-ABBA5F7947D9}"
EndProject
Global
	GlobalSection(SolutionConfigurationPlatforms) = preSolution
		Debug|Any CPU = Debug|Any CPU
		Release|Any CPU = Release|Any CPU
	EndGlobalSection
	GlobalSection(ProjectConfigurationPlatforms) = postSolution
		{648DA9D0-23F7-49F2-83C8-D2F86BFCC0E4}.Debug|Any CPU.ActiveCfg = Debug|Any CPU
		{648DA9D0-23F7-49F2-83C8-D2F86BFCC0E4}.Debug|Any CPU.Build.0 = Debug|Any CPU
		{648DA9D0-23F7-49F2-83C8-D2F86BFCC0E4}.Release|Any CPU.ActiveCfg = Release|Any CPU
		{648DA9D0-23F7-49F2-83C8-D2F86BFCC0E4}.Release|Any CPU.Build.0 = Release|Any CPU
		{679EFCC0-63A6-4547-A2C1-9BEBE836269A}.Debug|Any CPU.ActiveCfg = Debug|Any CPU
		{679EFCC0-63A6-4547-A2C1-9BEBE836269A}.Debug|Any CPU.Build.0 = Debug|Any CPU
		{679EFCC0-63A6-4547-A2C1-9BEBE836269A}.Release|Any CPU.ActiveCfg = Release|Any CPU
		{679EFCC0-63A6-4547-A2C1-9BEBE836269A}.Release|Any CPU.Build.0 = Release|Any CPU
		{B11EA918-B959-4FE9-8F62-7AEEB87A41FE}.Debug|Any CPU.ActiveCfg = Debug|Any CPU
		{B11EA918-B959-4FE9-8F62-7AEEB87A41FE}.Debug|Any CPU.Build.0 = Debug|Any CPU
		{B11EA918-B959-4FE9-8F62-7AEEB87A41FE}.Release|Any CPU.ActiveCfg = Release|Any CPU
		{B11EA918-B959-4FE9-8F62-7AEEB87A41FE}.Release|Any CPU.Build.0 = Release|Any CPU
		{80B68D0E-7FC5-4FF0-B84A-454590C418D0}.Debug|Any CPU.ActiveCfg = Debug|Any CPU
		{80B68D0E-7FC5-4FF0-B84A-454590C418D0}.Debug|Any CPU.Build.0 = Debug|Any CPU
		{80B68D0E-7FC5-4FF0-B84A-454590C418D0}.Release|Any CPU.ActiveCfg = Release|Any CPU
		{80B68D0E-7FC5-4FF0-B84A-454590C418D0}.Release|Any CPU.Build.0 = Release|Any CPU
		{38BF6E0F-98CD-48A9-9882-ABBA5F7947D9}.Debug|Any CPU.ActiveCfg = Debug|Any CPU
		{38BF6E0F-98CD-48A9-9882-ABBA5F7947D9}.Debug|Any CPU.Build.0 = Debug|Any CPU
		{38BF6E0F-98CD-48A9-9882-ABBA5F7947D9}.Release|Any CPU.ActiveCfg = Release|Any CPU
		{38BF6E0F-98CD-48A9-9882-ABBA5F7947D9}.Release|Any CPU.Build.0 = Release|Any CPU
	EndGlobalSection
	GlobalSection(SolutionProperties) = preSolution
		HideSolutionNode = FALSE
	EndGlobalSection
	GlobalSection(ExtensibilityGlobals) = postSolution
		SolutionGuid = {3E2DA726-7C38-47A6-B6C9-6A57FEB36066}
	EndGlobalSection
EndGlobal
