
Microsoft Visual Studio Solution File, Format Version 12.00
# Visual Studio 15
VisualStudioVersion = 15.0.28010.2048
MinimumVisualStudioVersion = 10.0.40219.1
Project("{FAE04EC0-301F-11D3-BF4B-00C04F79EFBC}") = "SOLIDLogger", "SOLIDLogger\SOLIDLogger.csproj", "{E1205E9A-1389-40E8-B0A8-A19E3E06DFF5}"
EndProject
Global
	GlobalSection(SolutionConfigurationPlatforms) = preSolution
		Debug|Any CPU = Debug|Any CPU
		Release|Any CPU = Release|Any CPU
	EndGlobalSection
	GlobalSection(ProjectConfigurationPlatforms) = postSolution
		{E1205E9A-1389-40E8-B0A8-A19E3E06DFF5}.Debug|Any CPU.ActiveCfg = Debug|Any CPU
		{E1205E9A-1389-40E8-B0A8-A19E3E06DFF5}.Debug|Any CPU.Build.0 = Debug|Any CPU
		{E1205E9A-1389-40E8-B0A8-A19E3E06DFF5}.Release|Any CPU.ActiveCfg = Release|Any CPU
		{E1205E9A-1389-40E8-B0A8-A19E3E06DFF5}.Release|Any CPU.Build.0 = Release|Any CPU
	EndGlobalSection
	GlobalSection(SolutionProperties) = preSolution
		HideSolutionNode = FALSE
	EndGlobalSection
	GlobalSection(ExtensibilityGlobals) = postSolution
		SolutionGuid = {FAAB0CD9-1419-4FA5-A3C1-261ABC18E96B}
	EndGlobalSection
EndGlobal
